
Microsoft Visual Studio Solution File, Format Version 12.00
# Visual Studio Version 16
VisualStudioVersion = 16.0.31105.61
MinimumVisualStudioVersion = 10.0.40219.1
Project("{9A19103F-16F7-4668-BE54-9A1E7A4F7556}") = "ProjektDotnet", "ProjektDotnet.csproj", "{180B1317-0F2E-4129-AA2F-50A3231E9EDD}"
EndProject
Global
	GlobalSection(SolutionConfigurationPlatforms) = preSolution
		Debug|Any CPU = Debug|Any CPU
		Release|Any CPU = Release|Any CPU
	EndGlobalSection
	GlobalSection(ProjectConfigurationPlatforms) = postSolution
		{180B1317-0F2E-4129-AA2F-50A3231E9EDD}.Debug|Any CPU.ActiveCfg = Debug|Any CPU
		{180B1317-0F2E-4129-AA2F-50A3231E9EDD}.Debug|Any CPU.Build.0 = Debug|Any CPU
		{180B1317-0F2E-4129-AA2F-50A3231E9EDD}.Release|Any CPU.ActiveCfg = Release|Any CPU
		{180B1317-0F2E-4129-AA2F-50A3231E9EDD}.Release|Any CPU.Build.0 = Release|Any CPU
	EndGlobalSection
	GlobalSection(SolutionProperties) = preSolution
		HideSolutionNode = FALSE
	EndGlobalSection
	GlobalSection(ExtensibilityGlobals) = postSolution
		SolutionGuid = {72975341-7CCF-41D6-9664-5BFC236EB704}
	EndGlobalSection
EndGlobal
